
Microsoft Visual Studio Solution File, Format Version 12.00
# Visual Studio Version 17
VisualStudioVersion = 17.6.33723.286
MinimumVisualStudioVersion = 10.0.40219.1
Project("{FAE04EC0-301F-11D3-BF4B-00C04F79EFBC}") = "NUnit.Logic", "NUnit.Logic\NUnit.Logic.csproj", "{F4ECE1F9-41A0-4723-A206-21B19712B4AF}"
EndProject
Project("{FAE04EC0-301F-11D3-BF4B-00C04F79EFBC}") = "NUnit.Logic.Tests", "NUnit.Logic.Tests\NUnit.Logic.Tests.csproj", "{EDF2E767-E40B-44E2-8D50-629195757486}"
EndProject
Project("{FAE04EC0-301F-11D3-BF4B-00C04F79EFBC}") = "NUnitApp.Console", "NUnitApp.Console\NUnitApp.Console.csproj", "{EAC9904E-C4E4-4A7C-B2CA-A30CF1A79012}"
EndProject
Global
	GlobalSection(SolutionConfigurationPlatforms) = preSolution
		Debug|Any CPU = Debug|Any CPU
		Release|Any CPU = Release|Any CPU
	EndGlobalSection
	GlobalSection(ProjectConfigurationPlatforms) = postSolution
		{F4ECE1F9-41A0-4723-A206-21B19712B4AF}.Debug|Any CPU.ActiveCfg = Debug|Any CPU
		{F4ECE1F9-41A0-4723-A206-21B19712B4AF}.Debug|Any CPU.Build.0 = Debug|Any CPU
		{F4ECE1F9-41A0-4723-A206-21B19712B4AF}.Release|Any CPU.ActiveCfg = Release|Any CPU
		{F4ECE1F9-41A0-4723-A206-21B19712B4AF}.Release|Any CPU.Build.0 = Release|Any CPU
		{EDF2E767-E40B-44E2-8D50-629195757486}.Debug|Any CPU.ActiveCfg = Debug|Any CPU
		{EDF2E767-E40B-44E2-8D50-629195757486}.Debug|Any CPU.Build.0 = Debug|Any CPU
		{EDF2E767-E40B-44E2-8D50-629195757486}.Release|Any CPU.ActiveCfg = Release|Any CPU
		{EDF2E767-E40B-44E2-8D50-629195757486}.Release|Any CPU.Build.0 = Release|Any CPU
		{EAC9904E-C4E4-4A7C-B2CA-A30CF1A79012}.Debug|Any CPU.ActiveCfg = Debug|Any CPU
		{EAC9904E-C4E4-4A7C-B2CA-A30CF1A79012}.Debug|Any CPU.Build.0 = Debug|Any CPU
		{EAC9904E-C4E4-4A7C-B2CA-A30CF1A79012}.Release|Any CPU.ActiveCfg = Release|Any CPU
		{EAC9904E-C4E4-4A7C-B2CA-A30CF1A79012}.Release|Any CPU.Build.0 = Release|Any CPU
	EndGlobalSection
	GlobalSection(SolutionProperties) = preSolution
		HideSolutionNode = FALSE
	EndGlobalSection
	GlobalSection(ExtensibilityGlobals) = postSolution
		SolutionGuid = {21E994DE-85CC-4A35-A68E-8BE78C79ED74}
	EndGlobalSection
EndGlobal
